// !$*UTF8*$!
{
	archiveVersion = 1;
	classes = {
	};
	objectVersion = 50;
	objects = {

/* Begin PBXBuildFile section */
		31412C1C2612500000F6C698 /* AppDelegate.swift in Sources */ = {isa = PBXBuildFile; fileRef = 31412C1B2612500000F6C698 /* AppDelegate.swift */; };
		31412C202612500000F6C698 /* MainView.swift in Sources */ = {isa = PBXBuildFile; fileRef = 31412C1F2612500000F6C698 /* MainView.swift */; };
		31412C222612500300F6C698 /* Assets.xcassets in Resources */ = {isa = PBXBuildFile; fileRef = 31412C212612500300F6C698 /* Assets.xcassets */; };
		31412C252612500300F6C698 /* Preview Assets.xcassets in Resources */ = {isa = PBXBuildFile; fileRef = 31412C242612500300F6C698 /* Preview Assets.xcassets */; };
		31412C282612500300F6C698 /* LaunchScreen.storyboard in Resources */ = {isa = PBXBuildFile; fileRef = 31412C262612500300F6C698 /* LaunchScreen.storyboard */; };
		31412C39261252CE00F6C698 /* MainViewModel.swift in Sources */ = {isa = PBXBuildFile; fileRef = 31412C38261252CE00F6C698 /* MainViewModel.swift */; };
		31412C3F2612534F00F6C698 /* OpenWeatherService.swift in Sources */ = {isa = PBXBuildFile; fileRef = 31412C3E2612534F00F6C698 /* OpenWeatherService.swift */; };
		31412C432612541800F6C698 /* WeatherData.swift in Sources */ = {isa = PBXBuildFile; fileRef = 31412C422612541800F6C698 /* WeatherData.swift */; };
		31412C4726125BD400F6C698 /* LocationService.swift in Sources */ = {isa = PBXBuildFile; fileRef = 31412C4626125BD400F6C698 /* LocationService.swift */; };
		31412C4A261261CF00F6C698 /* WeatherView.swift in Sources */ = {isa = PBXBuildFile; fileRef = 31412C49261261CF00F6C698 /* WeatherView.swift */; };
		31412C4E261262E400F6C698 /* WeatherViewModel.swift in Sources */ = {isa = PBXBuildFile; fileRef = 31412C4D261262E400F6C698 /* WeatherViewModel.swift */; };
		31412C532612692400F6C698 /* TextAlert.swift in Sources */ = {isa = PBXBuildFile; fileRef = 31412C522612692400F6C698 /* TextAlert.swift */; };
/* End PBXBuildFile section */

/* Begin PBXFileReference section */
		31412C182612500000F6C698 /* WeatherApp.app */ = {isa = PBXFileReference; explicitFileType = wrapper.application; includeInIndex = 0; path = WeatherApp.app; sourceTree = BUILT_PRODUCTS_DIR; };
		31412C1B2612500000F6C698 /* AppDelegate.swift */ = {isa = PBXFileReference; lastKnownFileType = sourcecode.swift; path = AppDelegate.swift; sourceTree = "<group>"; };
		31412C1F2612500000F6C698 /* MainView.swift */ = {isa = PBXFileReference; lastKnownFileType = sourcecode.swift; path = MainView.swift; sourceTree = "<group>"; };
		31412C212612500300F6C698 /* Assets.xcassets */ = {isa = PBXFileReference; lastKnownFileType = folder.assetcatalog; path = Assets.xcassets; sourceTree = "<group>"; };
		31412C242612500300F6C698 /* Preview Assets.xcassets */ = {isa = PBXFileReference; lastKnownFileType = folder.assetcatalog; path = "Preview Assets.xcassets"; sourceTree = "<group>"; };
		31412C272612500300F6C698 /* Base */ = {isa = PBXFileReference; lastKnownFileType = file.storyboard; name = Base; path = Base.lproj/LaunchScreen.storyboard; sourceTree = "<group>"; };
		31412C292612500300F6C698 /* Info.plist */ = {isa = PBXFileReference; lastKnownFileType = text.plist.xml; path = Info.plist; sourceTree = "<group>"; };
		31412C38261252CE00F6C698 /* MainViewModel.swift */ = {isa = PBXFileReference; lastKnownFileType = sourcecode.swift; path = MainViewModel.swift; sourceTree = "<group>"; };
		31412C3E2612534F00F6C698 /* OpenWeatherService.swift */ = {isa = PBXFileReference; lastKnownFileType = sourcecode.swift; path = OpenWeatherService.swift; sourceTree = "<group>"; };
		31412C422612541800F6C698 /* WeatherData.swift */ = {isa = PBXFileReference; lastKnownFileType = sourcecode.swift; path = WeatherData.swift; sourceTree = "<group>"; };
		31412C4626125BD400F6C698 /* LocationService.swift */ = {isa = PBXFileReference; lastKnownFileType = sourcecode.swift; path = LocationService.swift; sourceTree = "<group>"; };
		31412C49261261CF00F6C698 /* WeatherView.swift */ = {isa = PBXFileReference; lastKnownFileType = sourcecode.swift; path = WeatherView.swift; sourceTree = "<group>"; };
		31412C4D261262E400F6C698 /* WeatherViewModel.swift */ = {isa = PBXFileReference; lastKnownFileType = sourcecode.swift; path = WeatherViewModel.swift; sourceTree = "<group>"; };
		31412C522612692400F6C698 /* TextAlert.swift */ = {isa = PBXFileReference; lastKnownFileType = sourcecode.swift; path = TextAlert.swift; sourceTree = "<group>"; };
/* End PBXFileReference section */

/* Begin PBXFrameworksBuildPhase section */
		31412C152612500000F6C698 /* Frameworks */ = {
			isa = PBXFrameworksBuildPhase;
			buildActionMask = 2147483647;
			files = (
			);
			runOnlyForDeploymentPostprocessing = 0;
		};
/* End PBXFrameworksBuildPhase section */

/* Begin PBXGroup section */
		31412C0F2612500000F6C698 = {
			isa = PBXGroup;
			children = (
				31412C1A2612500000F6C698 /* WeatherApp */,
				31412C192612500000F6C698 /* Products */,
			);
			sourceTree = "<group>";
		};
		31412C192612500000F6C698 /* Products */ = {
			isa = PBXGroup;
			children = (
				31412C182612500000F6C698 /* WeatherApp.app */,
			);
			name = Products;
			sourceTree = "<group>";
		};
		31412C1A2612500000F6C698 /* WeatherApp */ = {
			isa = PBXGroup;
			children = (
				31412C512612691B00F6C698 /* TextAlert */,
				31412C4C261262D500F6C698 /* Weather */,
				31412C3D2612534200F6C698 /* Services */,
				31412C3C261252DF00F6C698 /* Models */,
				31412C3B261252D600F6C698 /* Main */,
				31412C1B2612500000F6C698 /* AppDelegate.swift */,
				31412C212612500300F6C698 /* Assets.xcassets */,
				31412C262612500300F6C698 /* LaunchScreen.storyboard */,
				31412C292612500300F6C698 /* Info.plist */,
				31412C232612500300F6C698 /* Preview Content */,
			);
			path = WeatherApp;
			sourceTree = "<group>";
		};
		31412C232612500300F6C698 /* Preview Content */ = {
			isa = PBXGroup;
			children = (
				31412C242612500300F6C698 /* Preview Assets.xcassets */,
			);
			path = "Preview Content";
			sourceTree = "<group>";
		};
		31412C3B261252D600F6C698 /* Main */ = {
			isa = PBXGroup;
			children = (
				31412C1F2612500000F6C698 /* MainView.swift */,
				31412C38261252CE00F6C698 /* MainViewModel.swift */,
			);
			path = Main;
			sourceTree = "<group>";
		};
		31412C3C261252DF00F6C698 /* Models */ = {
			isa = PBXGroup;
			children = (
				31412C422612541800F6C698 /* WeatherData.swift */,
			);
			path = Models;
			sourceTree = "<group>";
		};
		31412C3D2612534200F6C698 /* Services */ = {
			isa = PBXGroup;
			children = (
				31412C3E2612534F00F6C698 /* OpenWeatherService.swift */,
				31412C4626125BD400F6C698 /* LocationService.swift */,
			);
			path = Services;
			sourceTree = "<group>";
		};
		31412C4C261262D500F6C698 /* Weather */ = {
			isa = PBXGroup;
			children = (
				31412C49261261CF00F6C698 /* WeatherView.swift */,
				31412C4D261262E400F6C698 /* WeatherViewModel.swift */,
			);
			path = Weather;
			sourceTree = "<group>";
		};
		31412C512612691B00F6C698 /* TextAlert */ = {
			isa = PBXGroup;
			children = (
				31412C522612692400F6C698 /* TextAlert.swift */,
			);
			path = TextAlert;
			sourceTree = "<group>";
		};
/* End PBXGroup section */

/* Begin PBXNativeTarget section */
		31412C172612500000F6C698 /* WeatherApp */ = {
			isa = PBXNativeTarget;
			buildConfigurationList = 31412C2C2612500300F6C698 /* Build configuration list for PBXNativeTarget "WeatherApp" */;
			buildPhases = (
				31412C142612500000F6C698 /* Sources */,
				31412C152612500000F6C698 /* Frameworks */,
				31412C162612500000F6C698 /* Resources */,
			);
			buildRules = (
			);
			dependencies = (
			);
			name = WeatherApp;
			productName = WeatherApp;
			productReference = 31412C182612500000F6C698 /* WeatherApp.app */;
			productType = "com.apple.product-type.application";
		};
/* End PBXNativeTarget section */

/* Begin PBXProject section */
		31412C102612500000F6C698 /* Project object */ = {
			isa = PBXProject;
			attributes = {
				LastSwiftUpdateCheck = 1240;
				LastUpgradeCheck = 1240;
				TargetAttributes = {
					31412C172612500000F6C698 = {
						CreatedOnToolsVersion = 12.4;
					};
				};
			};
			buildConfigurationList = 31412C132612500000F6C698 /* Build configuration list for PBXProject "WeatherApp" */;
			compatibilityVersion = "Xcode 9.3";
			developmentRegion = en;
			hasScannedForEncodings = 0;
			knownRegions = (
				en,
				Base,
			);
			mainGroup = 31412C0F2612500000F6C698;
			productRefGroup = 31412C192612500000F6C698 /* Products */;
			projectDirPath = "";
			projectRoot = "";
			targets = (
				31412C172612500000F6C698 /* WeatherApp */,
			);
		};
/* End PBXProject section */

/* Begin PBXResourcesBuildPhase section */
		31412C162612500000F6C698 /* Resources */ = {
			isa = PBXResourcesBuildPhase;
			buildActionMask = 2147483647;
			files = (
				31412C282612500300F6C698 /* LaunchScreen.storyboard in Resources */,
				31412C252612500300F6C698 /* Preview Assets.xcassets in Resources */,
				31412C222612500300F6C698 /* Assets.xcassets in Resources */,
			);
			runOnlyForDeploymentPostprocessing = 0;
		};
/* End PBXResourcesBuildPhase section */

/* Begin PBXSourcesBuildPhase section */
		31412C142612500000F6C698 /* Sources */ = {
			isa = PBXSourcesBuildPhase;
			buildActionMask = 2147483647;
			files = (
				31412C1C2612500000F6C698 /* AppDelegate.swift in Sources */,
				31412C202612500000F6C698 /* MainView.swift in Sources */,
				31412C3F2612534F00F6C698 /* OpenWeatherService.swift in Sources */,
				31412C532612692400F6C698 /* TextAlert.swift in Sources */,
				31412C39261252CE00F6C698 /* MainViewModel.swift in Sources */,
				31412C4726125BD400F6C698 /* LocationService.swift in Sources */,
				31412C4E261262E400F6C698 /* WeatherViewModel.swift in Sources */,
				31412C4A261261CF00F6C698 /* WeatherView.swift in Sources */,
				31412C432612541800F6C698 /* WeatherData.swift in Sources */,
			);
			runOnlyForDeploymentPostprocessing = 0;
		};
/* End PBXSourcesBuildPhase section */

/* Begin PBXVariantGroup section */
		31412C262612500300F6C698 /* LaunchScreen.storyboard */ = {
			isa = PBXVariantGroup;
			children = (
				31412C272612500300F6C698 /* Base */,
			);
			name = LaunchScreen.storyboard;
			sourceTree = "<group>";
		};
/* End PBXVariantGroup section */

/* Begin XCBuildConfiguration section */
		31412C2A2612500300F6C698 /* Debug */ = {
			isa = XCBuildConfiguration;
			buildSettings = {
				ALWAYS_SEARCH_USER_PATHS = NO;
				CLANG_ANALYZER_NONNULL = YES;
				CLANG_ANALYZER_NUMBER_OBJECT_CONVERSION = YES_AGGRESSIVE;
				CLANG_CXX_LANGUAGE_STANDARD = "gnu++14";
				CLANG_CXX_LIBRARY = "libc++";
				CLANG_ENABLE_MODULES = YES;
				CLANG_ENABLE_OBJC_ARC = YES;
				CLANG_ENABLE_OBJC_WEAK = YES;
				CLANG_WARN_BLOCK_CAPTURE_AUTORELEASING = YES;
				CLANG_WARN_BOOL_CONVERSION = YES;
				CLANG_WARN_COMMA = YES;
				CLANG_WARN_CONSTANT_CONVERSION = YES;
				CLANG_WARN_DEPRECATED_OBJC_IMPLEMENTATIONS = YES;
				CLANG_WARN_DIRECT_OBJC_ISA_USAGE = YES_ERROR;
				CLANG_WARN_DOCUMENTATION_COMMENTS = YES;
				CLANG_WARN_EMPTY_BODY = YES;
				CLANG_WARN_ENUM_CONVERSION = YES;
				CLANG_WARN_INFINITE_RECURSION = YES;
				CLANG_WARN_INT_CONVERSION = YES;
				CLANG_WARN_NON_LITERAL_NULL_CONVERSION = YES;
				CLANG_WARN_OBJC_IMPLICIT_RETAIN_SELF = YES;
				CLANG_WARN_OBJC_LITERAL_CONVERSION = YES;
				CLANG_WARN_OBJC_ROOT_CLASS = YES_ERROR;
				CLANG_WARN_QUOTED_INCLUDE_IN_FRAMEWORK_HEADER = YES;
				CLANG_WARN_RANGE_LOOP_ANALYSIS = YES;
				CLANG_WARN_STRICT_PROTOTYPES = YES;
				CLANG_WARN_SUSPICIOUS_MOVE = YES;
				CLANG_WARN_UNGUARDED_AVAILABILITY = YES_AGGRESSIVE;
				CLANG_WARN_UNREACHABLE_CODE = YES;
				CLANG_WARN__DUPLICATE_METHOD_MATCH = YES;
				COPY_PHASE_STRIP = NO;
				DEBUG_INFORMATION_FORMAT = dwarf;
				ENABLE_STRICT_OBJC_MSGSEND = YES;
				ENABLE_TESTABILITY = YES;
				GCC_C_LANGUAGE_STANDARD = gnu11;
				GCC_DYNAMIC_NO_PIC = NO;
				GCC_NO_COMMON_BLOCKS = YES;
				GCC_OPTIMIZATION_LEVEL = 0;
				GCC_PREPROCESSOR_DEFINITIONS = (
					"DEBUG=1",
					"$(inherited)",
				);
				GCC_WARN_64_TO_32_BIT_CONVERSION = YES;
				GCC_WARN_ABOUT_RETURN_TYPE = YES_ERROR;
				GCC_WARN_UNDECLARED_SELECTOR = YES;
				GCC_WARN_UNINITIALIZED_AUTOS = YES_AGGRESSIVE;
				GCC_WARN_UNUSED_FUNCTION = YES;
				GCC_WARN_UNUSED_VARIABLE = YES;
				IPHONEOS_DEPLOYMENT_TARGET = 14.4;
				MTL_ENABLE_DEBUG_INFO = INCLUDE_SOURCE;
				MTL_FAST_MATH = YES;
				ONLY_ACTIVE_ARCH = YES;
				SDKROOT = iphoneos;
				SWIFT_ACTIVE_COMPILATION_CONDITIONS = DEBUG;
				SWIFT_OPTIMIZATION_LEVEL = "-Onone";
			};
			name = Debug;
		};
		31412C2B2612500300F6C698 /* Release */ = {
			isa = XCBuildConfiguration;
			buildSettings = {
				ALWAYS_SEARCH_USER_PATHS = NO;
				CLANG_ANALYZER_NONNULL = YES;
				CLANG_ANALYZER_NUMBER_OBJECT_CONVERSION = YES_AGGRESSIVE;
				CLANG_CXX_LANGUAGE_STANDARD = "gnu++14";
				CLANG_CXX_LIBRARY = "libc++";
				CLANG_ENABLE_MODULES = YES;
				CLANG_ENABLE_OBJC_ARC = YES;
				CLANG_ENABLE_OBJC_WEAK = YES;
				CLANG_WARN_BLOCK_CAPTURE_AUTORELEASING = YES;
				CLANG_WARN_BOOL_CONVERSION = YES;
				CLANG_WARN_COMMA = YES;
				CLANG_WARN_CONSTANT_CONVERSION = YES;
				CLANG_WARN_DEPRECATED_OBJC_IMPLEMENTATIONS = YES;
				CLANG_WARN_DIRECT_OBJC_ISA_USAGE = YES_ERROR;
				CLANG_WARN_DOCUMENTATION_COMMENTS = YES;
				CLANG_WARN_EMPTY_BODY = YES;
				CLANG_WARN_ENUM_CONVERSION = YES;
				CLANG_WARN_INFINITE_RECURSION = YES;
				CLANG_WARN_INT_CONVERSION = YES;
				CLANG_WARN_NON_LITERAL_NULL_CONVERSION = YES;
				CLANG_WARN_OBJC_IMPLICIT_RETAIN_SELF = YES;
				CLANG_WARN_OBJC_LITERAL_CONVERSION = YES;
				CLANG_WARN_OBJC_ROOT_CLASS = YES_ERROR;
				CLANG_WARN_QUOTED_INCLUDE_IN_FRAMEWORK_HEADER = YES;
				CLANG_WARN_RANGE_LOOP_ANALYSIS = YES;
				CLANG_WARN_STRICT_PROTOTYPES = YES;
				CLANG_WARN_SUSPICIOUS_MOVE = YES;
				CLANG_WARN_UNGUARDED_AVAILABILITY = YES_AGGRESSIVE;
				CLANG_WARN_UNREACHABLE_CODE = YES;
				CLANG_WARN__DUPLICATE_METHOD_MATCH = YES;
				COPY_PHASE_STRIP = NO;
				DEBUG_INFORMATION_FORMAT = "dwarf-with-dsym";
				ENABLE_NS_ASSERTIONS = NO;
				ENABLE_STRICT_OBJC_MSGSEND = YES;
				GCC_C_LANGUAGE_STANDARD = gnu11;
				GCC_NO_COMMON_BLOCKS = YES;
				GCC_WARN_64_TO_32_BIT_CONVERSION = YES;
				GCC_WARN_ABOUT_RETURN_TYPE = YES_ERROR;
				GCC_WARN_UNDECLARED_SELECTOR = YES;
				GCC_WARN_UNINITIALIZED_AUTOS = YES_AGGRESSIVE;
				GCC_WARN_UNUSED_FUNCTION = YES;
				GCC_WARN_UNUSED_VARIABLE = YES;
				IPHONEOS_DEPLOYMENT_TARGET = 14.4;
				MTL_ENABLE_DEBUG_INFO = NO;
				MTL_FAST_MATH = YES;
				SDKROOT = iphoneos;
				SWIFT_COMPILATION_MODE = wholemodule;
				SWIFT_OPTIMIZATION_LEVEL = "-O";
				VALIDATE_PRODUCT = YES;
			};
			name = Release;
		};
		31412C2D2612500300F6C698 /* Debug */ = {
			isa = XCBuildConfiguration;
			buildSettings = {
				ASSETCATALOG_COMPILER_APPICON_NAME = AppIcon;
				ASSETCATALOG_COMPILER_GLOBAL_ACCENT_COLOR_NAME = AccentColor;
				CODE_SIGN_STYLE = Automatic;
				DEVELOPMENT_ASSET_PATHS = "\"WeatherApp/Preview Content\"";
				DEVELOPMENT_TEAM = W25X3836JP;
				ENABLE_PREVIEWS = YES;
				INFOPLIST_FILE = WeatherApp/Info.plist;
				LD_RUNPATH_SEARCH_PATHS = (
					"$(inherited)",
					"@executable_path/Frameworks",
				);
				PRODUCT_BUNDLE_IDENTIFIER = work.andriimoisol.WeatherApp;
				PRODUCT_NAME = "$(TARGET_NAME)";
				SWIFT_VERSION = 5.0;
				TARGETED_DEVICE_FAMILY = "1,2";
			};
			name = Debug;
		};
		31412C2E2612500300F6C698 /* Release */ = {
			isa = XCBuildConfiguration;
			buildSettings = {
				ASSETCATALOG_COMPILER_APPICON_NAME = AppIcon;
				ASSETCATALOG_COMPILER_GLOBAL_ACCENT_COLOR_NAME = AccentColor;
				CODE_SIGN_STYLE = Automatic;
				DEVELOPMENT_ASSET_PATHS = "\"WeatherApp/Preview Content\"";
				DEVELOPMENT_TEAM = W25X3836JP;
				ENABLE_PREVIEWS = YES;
				INFOPLIST_FILE = WeatherApp/Info.plist;
				LD_RUNPATH_SEARCH_PATHS = (
					"$(inherited)",
					"@executable_path/Frameworks",
				);
				PRODUCT_BUNDLE_IDENTIFIER = work.andriimoisol.WeatherApp;
				PRODUCT_NAME = "$(TARGET_NAME)";
				SWIFT_VERSION = 5.0;
				TARGETED_DEVICE_FAMILY = "1,2";
			};
			name = Release;
		};
/* End XCBuildConfiguration section */

/* Begin XCConfigurationList section */
		31412C132612500000F6C698 /* Build configuration list for PBXProject "WeatherApp" */ = {
			isa = XCConfigurationList;
			buildConfigurations = (
				31412C2A2612500300F6C698 /* Debug */,
				31412C2B2612500300F6C698 /* Release */,
			);
			defaultConfigurationIsVisible = 0;
			defaultConfigurationName = Release;
		};
		31412C2C2612500300F6C698 /* Build configuration list for PBXNativeTarget "WeatherApp" */ = {
			isa = XCConfigurationList;
			buildConfigurations = (
				31412C2D2612500300F6C698 /* Debug */,
				31412C2E2612500300F6C698 /* Release */,
			);
			defaultConfigurationIsVisible = 0;
			defaultConfigurationName = Release;
		};
/* End XCConfigurationList section */
	};
	rootObject = 31412C102612500000F6C698 /* Project object */;
}
